<?xml version="1.0" encoding="utf-8"?>
<Project ToolsVersion="4.0" xmlns="http://schemas.microsoft.com/developer/msbuild/2003">
  <ItemGroup>
    <Filter Include="Source Files">
      <UniqueIdentifier>{4FC737F1-C7A5-4376-A066-2A32D752A2FF}</UniqueIdentifier>
      <Extensions>cpp;c;cc;cxx;c++;cppm;ixx;def;odl;idl;hpj;bat;asm;asmx</Extensions>
    </Filter>
    <Filter Include="Header Files">
      <UniqueIdentifier>{93995380-89BD-4b04-88EB-625FBE52EBFB}</UniqueIdentifier>
      <Extensions>h;hh;hpp;hxx;h++;hm;inl;inc;ipp;xsd</Extensions>
    </Filter>
    <Filter Include="Resource Files">
      <UniqueIdentifier>{67DA6AB6-F800-4c08-8B7A-83BB121AAD01}</UniqueIdentifier>
      <Extensions>rc;ico;cur;bmp;dlg;rc2;rct;bin;rgs;gif;jpg;jpeg;jpe;resx;tiff;tif;png;wav;mfcribbon-ms</Extensions>
    </Filter>
    <Filter Include="Source Files\Engine">
      <UniqueIdentifier>{49dc7667-fe92-4f5b-9735-16a6305af6f3}</UniqueIdentifier>
    </Filter>
    <Filter Include="Source Files\Engine\render">
      <UniqueIdentifier>{a6b76a48-b6f6-4ba3-bcc4-3c00356aa59f}</UniqueIdentifier>
    </Filter>
    <Filter Include="Source Files\Engine\math">
      <UniqueIdentifier>{b8d4ed6e-047e-44c1-9682-7e78293edb92}</UniqueIdentifier>
    </Filter>
    <Filter Include="Source Files\Engine\libraries">
      <UniqueIdentifier>{c0f30060-467e-4622-b5a0-ea42df518ae5}</UniqueIdentifier>
    </Filter>
    <Filter Include="Source Files\Engine\input">
      <UniqueIdentifier>{808b3fa8-eda0-404a-b14a-3c598e6aa58f}</UniqueIdentifier>
    </Filter>
    <Filter Include="Resource Files\shaders">
      <UniqueIdentifier>{bb78a888-9c3a-4a3f-a8d2-67a5590cd3db}</UniqueIdentifier>
    </Filter>
    <Filter Include="Resource Files\textures">
      <UniqueIdentifier>{9eefbffc-c419-4fd5-9eb4-84244c9528cf}</UniqueIdentifier>
    </Filter>
    <Filter Include="Source Files\Engine\render\data">
      <UniqueIdentifier>{224b2539-a3d2-4cda-916f-503687f9795d}</UniqueIdentifier>
    </Filter>
    <Filter Include="Resource Files\shaders\object_shader">
      <UniqueIdentifier>{86df7662-103a-454d-814f-658d1bffd9ac}</UniqueIdentifier>
    </Filter>
    <Filter Include="Resource Files\shaders\cubemap_shader">
      <UniqueIdentifier>{f195819c-25f8-457e-9b8b-a85828da08dd}</UniqueIdentifier>
    </Filter>
    <Filter Include="Source Files\Engine\core">
      <UniqueIdentifier>{eb28406d-647f-4a2a-a4b0-ad6692a5b3b8}</UniqueIdentifier>
    </Filter>
    <Filter Include="Source Files\Engine\ecs">
      <UniqueIdentifier>{65d99591-b948-4112-9632-af1aec68e53c}</UniqueIdentifier>
    </Filter>
    <Filter Include="Source Files\Engine\ecs\components">
      <UniqueIdentifier>{08a32c5e-9477-4169-97fd-b87d1e90852c}</UniqueIdentifier>
    </Filter>
    <Filter Include="Source Files\Engine\ecs\factories">
      <UniqueIdentifier>{e05a5873-40fe-4287-9400-d0be25455327}</UniqueIdentifier>
    </Filter>
    <Filter Include="Source Files\Engine\ecs\components\core">
      <UniqueIdentifier>{465af673-6af4-4c43-9796-ee19d6fa17e1}</UniqueIdentifier>
    </Filter>
    <Filter Include="Source Files\Engine\ecs\components\physics">
      <UniqueIdentifier>{621e7263-b978-4b3b-abc0-8ea976fcf048}</UniqueIdentifier>
    </Filter>
    <Filter Include="Source Files\Engine\ecs\components\graphics">
      <UniqueIdentifier>{e67b7fd2-bcbe-4ce1-9381-5720632cf43d}</UniqueIdentifier>
    </Filter>
    <Filter Include="Source Files\Engine\physics">
      <UniqueIdentifier>{028c0e57-c3ce-40c4-9e98-2685fba1fdbe}</UniqueIdentifier>
    </Filter>
    <Filter Include="Source Files\Engine\physics\dynamics">
      <UniqueIdentifier>{ff233a4d-7305-449a-92bd-5f8df2ca185f}</UniqueIdentifier>
    </Filter>
    <Filter Include="Source Files\Engine\physics\colider">
      <UniqueIdentifier>{3a1e4d8d-21f6-49bc-8038-48a7e8858ef7}</UniqueIdentifier>
    </Filter>
    <Filter Include="Source Files\Engine\physics\ecs_systems">
      <UniqueIdentifier>{5e2e52ab-e1c3-4b9b-971a-74e00a258653}</UniqueIdentifier>
    </Filter>
    <Filter Include="Source Files\Engine\physics\utils">
      <UniqueIdentifier>{defc28e2-c764-4158-8dd4-4298ea24128d}</UniqueIdentifier>
    </Filter>
    <Filter Include="Source Files\Engine\render\backend">
      <UniqueIdentifier>{2d6a2fcb-25c4-4fc3-bd61-bdc124ed3f1f}</UniqueIdentifier>
    </Filter>
    <Filter Include="Source Files\Engine\render\backend\containers">
      <UniqueIdentifier>{5a14aeb0-eea9-4f54-92ad-ae9ce3a422e4}</UniqueIdentifier>
    </Filter>
    <Filter Include="Source Files\Engine\render\handlers">
      <UniqueIdentifier>{e5e808ab-af3e-49ef-852d-da17f1ce535e}</UniqueIdentifier>
    </Filter>
    <Filter Include="Source Files\Engine\resources">
      <UniqueIdentifier>{f0a29b36-f5e1-49ff-b6ab-250de7c24c04}</UniqueIdentifier>
    </Filter>
    <Filter Include="Source Files\Engine\resources\assets">
      <UniqueIdentifier>{22363acf-5061-4d77-9105-76118fb7ce01}</UniqueIdentifier>
    </Filter>
    <Filter Include="Source Files\Engine\resources\data">
      <UniqueIdentifier>{412fb9c7-04f4-42b4-b173-0bd3bf12650a}</UniqueIdentifier>
    </Filter>
    <Filter Include="Source Files\Engine\resources\loaders">
      <UniqueIdentifier>{16fef0cd-97bf-4075-8865-cb11f8ad4d1f}</UniqueIdentifier>
    </Filter>
    <Filter Include="Source Files\Engine\resources\managers">
      <UniqueIdentifier>{7609049a-0154-4064-ae3b-1d9f25bacc49}</UniqueIdentifier>
    </Filter>
    <Filter Include="Source Files\Engine\render\ecs_systems">
      <UniqueIdentifier>{ad06ed30-6628-4bc5-99cb-298c0558ad86}</UniqueIdentifier>
    </Filter>
    <Filter Include="Source Files\Engine\core\ecs_systems">
      <UniqueIdentifier>{bf5a92de-0859-4994-9303-217c102f57aa}</UniqueIdentifier>
    </Filter>
    <Filter Include="Source Files\Engine\scene">
      <UniqueIdentifier>{d01b3801-78ae-48b2-ae0e-016df6c1dc21}</UniqueIdentifier>
    </Filter>
    <Filter Include="Source Files\Engine\scene\loaders">
      <UniqueIdentifier>{dca16145-f2e0-451e-908f-d9ea9d0d7086}</UniqueIdentifier>
    </Filter>
    <Filter Include="Resource Files\shaders\camera_effects">
      <UniqueIdentifier>{20b795eb-9436-4382-9655-1776fb05c920}</UniqueIdentifier>
    </Filter>
    <Filter Include="Resource Files\shaders\shadow_shader">
      <UniqueIdentifier>{d888f62f-8763-4718-a38e-071a7ba8104b}</UniqueIdentifier>
    </Filter>
    <Filter Include="Resource Files\shaders\final_blit_shader">
      <UniqueIdentifier>{e3ad7a58-ad5b-4082-ad04-60ce3ab92aae}</UniqueIdentifier>
    </Filter>
    <Filter Include="Resource Files\shaders\bloom_shader">
      <UniqueIdentifier>{cc08b232-f5b0-44c0-9bbe-71ab90d94f80}</UniqueIdentifier>
    </Filter>
    <Filter Include="third_party">
      <UniqueIdentifier>{46a6f7ed-2762-4944-8566-20fdb8254ed9}</UniqueIdentifier>
    </Filter>
    <Filter Include="Source Files\Engine\libraries\imgui">
      <UniqueIdentifier>{4e523886-0051-4dc0-ada3-478f3307b306}</UniqueIdentifier>
    </Filter>
    <Filter Include="Resource Files\shaders\lighting_shader">
      <UniqueIdentifier>{5a9f3399-256e-4950-99d9-632bc16afd39}</UniqueIdentifier>
    </Filter>
    <Filter Include="Resource Files\shaders\texture_generation">
      <UniqueIdentifier>{9f7f2230-866c-411e-83b5-9b1f1b78dc94}</UniqueIdentifier>
    </Filter>
    <Filter Include="Resource Files\shaders\texture_generation\hdr_to_cubemap">
      <UniqueIdentifier>{c8b57921-06e9-4031-8bbb-285c5817daac}</UniqueIdentifier>
    </Filter>
    <Filter Include="Resource Files\shaders\texture_generation\cubemap_convultion">
      <UniqueIdentifier>{68587b4f-9d85-40ed-a0a7-b20ae586eaf1}</UniqueIdentifier>
    </Filter>
    <Filter Include="Resource Files\shaders\texture_generation\prefilter_convultion">
      <UniqueIdentifier>{02bed500-2293-4427-82bb-091dbacb3260}</UniqueIdentifier>
    </Filter>
    <Filter Include="Resource Files\shaders\texture_generation\brdf">
      <UniqueIdentifier>{7abdb241-b03a-4089-9c4c-65c0d7a55da1}</UniqueIdentifier>
    </Filter>
    <Filter Include="Resource Files\shaders\anti_aliasing">
      <UniqueIdentifier>{ec6d3f18-72fb-4135-94c2-88f3ce44734d}</UniqueIdentifier>
    </Filter>
    <Filter Include="Resource Files\shaders\anti_aliasing\FXAA">
      <UniqueIdentifier>{1c2af518-409f-46b6-b978-457d3c3a8f8d}</UniqueIdentifier>
    </Filter>
  </ItemGroup>
  <ItemGroup>
    <ClCompile Include="source\libraries\glad.c">
      <Filter>Source Files\Engine\libraries</Filter>
    </ClCompile>
    <ClCompile Include="source\libraries\stb.cpp">
      <Filter>Source Files\Engine\libraries</Filter>
    </ClCompile>
    <ClCompile Include="source\input\MouseInput.cpp">
      <Filter>Source Files\Engine\input</Filter>
    </ClCompile>
    <ClCompile Include="source\render\Renderer.cpp">
      <Filter>Source Files\Engine\render</Filter>
    </ClCompile>
    <ClCompile Include="source\ShanTT.cpp">
      <Filter>Source Files\Engine</Filter>
    </ClCompile>
    <ClCompile Include="source\core\Engine.cpp">
      <Filter>Source Files\Engine\core</Filter>
    </ClCompile>
    <ClCompile Include="source\physics\PhysicsEngine.cpp">
      <Filter>Source Files\Engine\physics</Filter>
    </ClCompile>
    <ClCompile Include="source\physics\dynamics\ForceGenerator.cpp">
      <Filter>Source Files\Engine\physics\dynamics</Filter>
    </ClCompile>
    <ClCompile Include="source\physics\dynamics\GeneralIntegrators.cpp">
      <Filter>Source Files\Engine\physics\dynamics</Filter>
    </ClCompile>
    <ClCompile Include="source\render\backend\Shader.cpp">
      <Filter>Source Files\Engine\render\backend</Filter>
    </ClCompile>
    <ClCompile Include="source\render\backend\ShaderManager.cpp">
      <Filter>Source Files\Engine\render\backend</Filter>
    </ClCompile>
    <ClCompile Include="source\resources\assets\Material.cpp">
      <Filter>Source Files\Engine\resources\assets</Filter>
    </ClCompile>
    <ClCompile Include="source\resources\assets\StaticMesh.cpp">
      <Filter>Source Files\Engine\resources\assets</Filter>
    </ClCompile>
    <ClCompile Include="source\resources\assets\Texture.cpp">
      <Filter>Source Files\Engine\resources\assets</Filter>
    </ClCompile>
    <ClCompile Include="source\resources\assets\CubeMap.cpp">
      <Filter>Source Files\Engine\resources\assets</Filter>
    </ClCompile>
    <ClCompile Include="source\resources\loaders\ModelLoader.cpp">
      <Filter>Source Files\Engine\resources\loaders</Filter>
    </ClCompile>
    <ClCompile Include="source\resources\loaders\TextureLoader.cpp">
      <Filter>Source Files\Engine\resources\loaders</Filter>
    </ClCompile>
    <ClCompile Include="source\resources\managers\MaterialManager.cpp">
      <Filter>Source Files\Engine\resources\managers</Filter>
    </ClCompile>
    <ClCompile Include="source\resources\managers\MeshManager.cpp">
      <Filter>Source Files\Engine\resources\managers</Filter>
    </ClCompile>
    <ClCompile Include="source\resources\managers\ModelManager.cpp">
      <Filter>Source Files\Engine\resources\managers</Filter>
    </ClCompile>
    <ClCompile Include="source\resources\managers\TextureManager.cpp">
      <Filter>Source Files\Engine\resources\managers</Filter>
    </ClCompile>
    <ClCompile Include="source\scene\Scene.cpp">
      <Filter>Source Files\Engine\scene</Filter>
    </ClCompile>
    <ClCompile Include="source\scene\loaders\SceneLoader.cpp">
      <Filter>Source Files\Engine\scene\loaders</Filter>
    </ClCompile>
    <ClCompile Include="source\ecs\factories\GraphicsEntityFactory.cpp">
      <Filter>Source Files\Engine\ecs\factories</Filter>
    </ClCompile>
    <ClCompile Include="source\core\ecs_systems\CameraSystem.cpp">
      <Filter>Source Files\Engine\core\ecs_systems</Filter>
    </ClCompile>
    <ClCompile Include="source\physics\ecs_systems\RigidBodyIntegrator.cpp">
      <Filter>Source Files\Engine\physics\ecs_systems</Filter>
    </ClCompile>
    <ClCompile Include="source\render\backend\containers\RenderBuffer.cpp">
      <Filter>Source Files\Engine\render\backend\containers</Filter>
    </ClCompile>
    <ClCompile Include="source\libraries\imgui\imgui_draw.cpp">
      <Filter>Source Files\Engine\libraries\imgui</Filter>
    </ClCompile>
    <ClCompile Include="source\libraries\imgui\imgui_impl_opengl3.cpp">
      <Filter>Source Files\Engine\libraries\imgui</Filter>
    </ClCompile>
    <ClCompile Include="source\libraries\imgui\imgui_tables.cpp">
      <Filter>Source Files\Engine\libraries\imgui</Filter>
    </ClCompile>
    <ClCompile Include="source\libraries\imgui\imgui_widgets.cpp">
      <Filter>Source Files\Engine\libraries\imgui</Filter>
    </ClCompile>
    <ClCompile Include="source\libraries\imgui\imgui.cpp">
      <Filter>Source Files\Engine\libraries\imgui</Filter>
    </ClCompile>
    <ClCompile Include="source\libraries\imgui\imgui_demo.cpp">
      <Filter>Source Files\Engine\libraries\imgui</Filter>
    </ClCompile>
    <ClCompile Include="source\libraries\imgui\imgui_impl_glfw.cpp">
      <Filter>Source Files\Engine\libraries\imgui</Filter>
    </ClCompile>
  </ItemGroup>
  <ItemGroup>
    <ClInclude Include="source\render\Renderer.h">
      <Filter>Source Files\Engine\render</Filter>
    </ClInclude>
    <ClInclude Include="source\math_custom\GeneralFunctions.h">
      <Filter>Source Files\Engine\math</Filter>
    </ClInclude>
    <ClInclude Include="source\math_custom\Vector3.h">
      <Filter>Source Files\Engine\math</Filter>
    </ClInclude>
    <ClInclude Include="source\input\KeyBoardInput.h">
      <Filter>Source Files\Engine\input</Filter>
    </ClInclude>
    <ClInclude Include="source\input\UIInput.h">
      <Filter>Source Files\Engine\input</Filter>
    </ClInclude>
    <ClInclude Include="source\math_custom\Mat4.h">
      <Filter>Source Files\Engine\math</Filter>
    </ClInclude>
    <ClInclude Include="source\input\MouseInput.h">
      <Filter>Source Files\Engine\input</Filter>
    </ClInclude>
    <ClInclude Include="source\math_custom\Quat.h">
      <Filter>Source Files\Engine\math</Filter>
    </ClInclude>
    <ClInclude Include="source\math_custom\Vector2.h">
      <Filter>Source Files\Engine\math</Filter>
    </ClInclude>
    <ClInclude Include="source\render\data\RenderContext.h">
      <Filter>Source Files\Engine\render\data</Filter>
    </ClInclude>
    <ClInclude Include="source\render\data\BatchMap.h">
      <Filter>Source Files\Engine\render\data</Filter>
    </ClInclude>
    <ClInclude Include="source\render\data\ShaderType.h">
      <Filter>Source Files\Engine\render\data</Filter>
    </ClInclude>
    <ClInclude Include="source\render\data\MeshBatch.h">
      <Filter>Source Files\Engine\render\data</Filter>
    </ClInclude>
    <ClInclude Include="source\render\data\GPULight.h">
      <Filter>Source Files\Engine\render\data</Filter>
    </ClInclude>
    <ClInclude Include="source\core\Engine.h">
      <Filter>Source Files\Engine\core</Filter>
    </ClInclude>
    <ClInclude Include="source\core\EngineContext.h">
      <Filter>Source Files\Engine\core</Filter>
    </ClInclude>
    <ClInclude Include="source\core\Event.h">
      <Filter>Source Files\Engine\core</Filter>
    </ClInclude>
    <ClInclude Include="source\core\EventBus.h">
      <Filter>Source Files\Engine\core</Filter>
    </ClInclude>
    <ClInclude Include="source\ecs\components\graphics\CameraComponent.h">
      <Filter>Source Files\Engine\ecs\components\graphics</Filter>
    </ClInclude>
    <ClInclude Include="source\ecs\components\physics\RigidBodyComponent.h">
      <Filter>Source Files\Engine\ecs\components\physics</Filter>
    </ClInclude>
    <ClInclude Include="source\physics\PhysicsEngine.h">
      <Filter>Source Files\Engine\physics</Filter>
    </ClInclude>
    <ClInclude Include="source\physics\dynamics\ForceGenerator.h">
      <Filter>Source Files\Engine\physics\dynamics</Filter>
    </ClInclude>
    <ClInclude Include="source\physics\dynamics\GeneralIntegrators.h">
      <Filter>Source Files\Engine\physics\dynamics</Filter>
    </ClInclude>
    <ClInclude Include="source\physics\dynamics\colider\Header.h">
      <Filter>Source Files\Engine\physics\colider</Filter>
    </ClInclude>
    <ClInclude Include="source\render\backend\Shader.h">
      <Filter>Source Files\Engine\render\backend</Filter>
    </ClInclude>
    <ClInclude Include="source\render\backend\ShaderManager.h">
      <Filter>Source Files\Engine\render\backend</Filter>
    </ClInclude>
    <ClInclude Include="source\render\backend\containers\EBO.h">
      <Filter>Source Files\Engine\render\backend\containers</Filter>
    </ClInclude>
    <ClInclude Include="source\render\backend\containers\GlobalUniformBuffer.h">
      <Filter>Source Files\Engine\render\backend\containers</Filter>
    </ClInclude>
    <ClInclude Include="source\render\backend\containers\VAO.h">
      <Filter>Source Files\Engine\render\backend\containers</Filter>
    </ClInclude>
    <ClInclude Include="source\render\backend\containers\VBO.h">
      <Filter>Source Files\Engine\render\backend\containers</Filter>
    </ClInclude>
    <ClInclude Include="source\render\handlers\RenderPass.h">
      <Filter>Source Files\Engine\render\handlers</Filter>
    </ClInclude>
    <ClInclude Include="source\resources\assets\CubeMap.h">
      <Filter>Source Files\Engine\resources\assets</Filter>
    </ClInclude>
    <ClInclude Include="source\resources\assets\Material.h">
      <Filter>Source Files\Engine\resources\assets</Filter>
    </ClInclude>
    <ClInclude Include="source\resources\assets\RenderMesh.h">
      <Filter>Source Files\Engine\resources\assets</Filter>
    </ClInclude>
    <ClInclude Include="source\resources\assets\StaticMesh.h">
      <Filter>Source Files\Engine\resources\assets</Filter>
    </ClInclude>
    <ClInclude Include="source\resources\assets\Texture.h">
      <Filter>Source Files\Engine\resources\assets</Filter>
    </ClInclude>
    <ClInclude Include="source\resources\data\MaterialData.h">
      <Filter>Source Files\Engine\resources\data</Filter>
    </ClInclude>
    <ClInclude Include="source\resources\data\MaterialTextureInfo.h">
      <Filter>Source Files\Engine\resources\data</Filter>
    </ClInclude>
    <ClInclude Include="source\resources\data\MeshData.h">
      <Filter>Source Files\Engine\resources\data</Filter>
    </ClInclude>
    <ClInclude Include="source\resources\data\ModelData.h">
      <Filter>Source Files\Engine\resources\data</Filter>
    </ClInclude>
    <ClInclude Include="source\resources\data\ShaderData.h">
      <Filter>Source Files\Engine\resources\data</Filter>
    </ClInclude>
    <ClInclude Include="source\resources\data\SubMeshData.h">
      <Filter>Source Files\Engine\resources\data</Filter>
    </ClInclude>
    <ClInclude Include="source\resources\data\TextureType.h">
      <Filter>Source Files\Engine\resources\data</Filter>
    </ClInclude>
    <ClInclude Include="source\resources\data\Vertex.h">
      <Filter>Source Files\Engine\resources\data</Filter>
    </ClInclude>
    <ClInclude Include="source\resources\loaders\ModelLoader.h">
      <Filter>Source Files\Engine\resources\loaders</Filter>
    </ClInclude>
    <ClInclude Include="source\resources\loaders\TextureLoader.h">
      <Filter>Source Files\Engine\resources\loaders</Filter>
    </ClInclude>
    <ClInclude Include="source\resources\managers\MaterialManager.h">
      <Filter>Source Files\Engine\resources\managers</Filter>
    </ClInclude>
    <ClInclude Include="source\resources\managers\MeshManager.h">
      <Filter>Source Files\Engine\resources\managers</Filter>
    </ClInclude>
    <ClInclude Include="source\resources\managers\ModelManager.h">
      <Filter>Source Files\Engine\resources\managers</Filter>
    </ClInclude>
    <ClInclude Include="source\resources\managers\TextureManager.h">
      <Filter>Source Files\Engine\resources\managers</Filter>
    </ClInclude>
    <ClInclude Include="source\scene\Scene.h">
      <Filter>Source Files\Engine\scene</Filter>
    </ClInclude>
    <ClInclude Include="source\scene\loaders\SceneLoader.h">
      <Filter>Source Files\Engine\scene\loaders</Filter>
    </ClInclude>
    <ClInclude Include="source\ecs\components\core\TransformComponent.h">
      <Filter>Source Files\Engine\ecs\components\core</Filter>
    </ClInclude>
    <ClInclude Include="source\ecs\components\physics\CollisionShapeComponent.h">
      <Filter>Source Files\Engine\ecs\components\physics</Filter>
    </ClInclude>
    <ClInclude Include="source\ecs\components\graphics\LightComponent.h">
      <Filter>Source Files\Engine\ecs\components\graphics</Filter>
    </ClInclude>
    <ClInclude Include="source\ecs\components\physics\SoftBodyComponent.h">
      <Filter>Source Files\Engine\ecs\components\physics</Filter>
    </ClInclude>
    <ClInclude Include="source\ecs\components\core\ParentComponent.h">
      <Filter>Source Files\Engine\ecs\components\core</Filter>
    </ClInclude>
    <ClInclude Include="source\ecs\components\graphics\ModelComponent.h">
      <Filter>Source Files\Engine\ecs\components\graphics</Filter>
    </ClInclude>
    <ClInclude Include="source\ecs\components\graphics\CubeMapComponent.h">
      <Filter>Source Files\Engine\ecs\components\graphics</Filter>
    </ClInclude>
    <ClInclude Include="source\ecs\factories\GraphicsEntityFactory.h">
      <Filter>Source Files\Engine\ecs\factories</Filter>
    </ClInclude>
    <ClInclude Include="source\ecs\components\core\TagComponent.h">
      <Filter>Source Files\Engine\ecs\components\core</Filter>
    </ClInclude>
    <ClInclude Include="source\ecs\components\graphics\MaterialComponent.h">
      <Filter>Source Files\Engine\ecs\components\graphics</Filter>
    </ClInclude>
    <ClInclude Include="source\ecs\components\graphics\MeshComponent.h">
      <Filter>Source Files\Engine\ecs\components\graphics</Filter>
    </ClInclude>
    <ClInclude Include="source\ecs\factories\PhysicsComponentFactory.h">
      <Filter>Source Files\Engine\ecs\factories</Filter>
    </ClInclude>
    <ClInclude Include="source\physics\ecs_systems\RigidBodyIntegrator.h">
      <Filter>Source Files\Engine\physics\ecs_systems</Filter>
    </ClInclude>
    <ClInclude Include="source\ecs\components\graphics\ActiveCameraTag.h">
      <Filter>Source Files\Engine\ecs\components\graphics</Filter>
    </ClInclude>
    <ClInclude Include="source\core\ecs_systems\CameraSystem.h">
      <Filter>Source Files\Engine\core\ecs_systems</Filter>
    </ClInclude>
    <ClInclude Include="source\resources\data\ModelLoadConfig.h">
      <Filter>Source Files\Engine\resources\data</Filter>
    </ClInclude>
    <ClInclude Include="source\ecs\components\core\WorldMatrixComponent.h">
      <Filter>Source Files\Engine\ecs\components\core</Filter>
    </ClInclude>
    <ClInclude Include="source\render\backend\containers\FrameBuffer.h">
      <Filter>Source Files\Engine\render\backend\containers</Filter>
    </ClInclude>
    <ClInclude Include="source\render\backend\containers\RenderBuffer.h">
      <Filter>Source Files\Engine\render\backend\containers</Filter>
    </ClInclude>
    <ClInclude Include="source\render\data\RenderResource.h">
      <Filter>Source Files\Engine\render\data</Filter>
    </ClInclude>
    <ClInclude Include="source\render\RenderGraph.h">
      <Filter>Source Files\Engine\render</Filter>
    </ClInclude>
    <ClInclude Include="source\render\ecs_systems\ShadowSystem.h">
      <Filter>Source Files\Engine\render\ecs_systems</Filter>
    </ClInclude>
    <ClInclude Include="source\render\ecs_systems\ShadowAtlas.h">
      <Filter>Source Files\Engine\render\ecs_systems</Filter>
    </ClInclude>
    <ClInclude Include="source\render\data\ShadowData.h">
      <Filter>Source Files\Engine\render\data</Filter>
    </ClInclude>
    <ClInclude Include="source\math_custom\Vector4.h">
      <Filter>Source Files\Engine\math</Filter>
    </ClInclude>
    <ClInclude Include="source\resources\data\ModelAsset.h">
      <Filter>Source Files\Engine\resources\data</Filter>
    </ClInclude>
    <ClInclude Include="source\render\handlers\ShadowPass.h">
      <Filter>Source Files\Engine\render\handlers</Filter>
    </ClInclude>
    <ClInclude Include="source\render\handlers\GeometryPass.h">
      <Filter>Source Files\Engine\render\handlers</Filter>
    </ClInclude>
    <ClInclude Include="source\render\handlers\LightingPass.h">
      <Filter>Source Files\Engine\render\handlers</Filter>
    </ClInclude>
    <ClInclude Include="source\render\handlers\CubeMapPass.h">
      <Filter>Source Files\Engine\render\handlers</Filter>
    </ClInclude>
    <ClInclude Include="source\render\handlers\BlurPass.h">
      <Filter>Source Files\Engine\render\handlers</Filter>
    </ClInclude>
    <ClInclude Include="source\render\handlers\BloomPass.h">
      <Filter>Source Files\Engine\render\handlers</Filter>
    </ClInclude>
    <ClInclude Include="source\render\handlers\FinalBlitPass.h">
      <Filter>Source Files\Engine\render\handlers</Filter>
    </ClInclude>
    <ClInclude Include="source\render\handlers\FXAAPass.h">
      <Filter>Source Files\Engine\render\handlers</Filter>
    </ClInclude>
  </ItemGroup>
  <ItemGroup>
    <Image Include="resource\textures\crate.jpg">
      <Filter>Resource Files\textures</Filter>
    </Image>
  </ItemGroup>
  <ItemGroup>
    <None Include="resource\shaders\object_shader\default.frag">
      <Filter>Resource Files\shaders\object_shader</Filter>
    </None>
    <None Include="resource\shaders\object_shader\default.geom">
      <Filter>Resource Files\shaders\object_shader</Filter>
    </None>
    <None Include="resource\shaders\object_shader\default.vert">
      <Filter>Resource Files\shaders\object_shader</Filter>
    </None>
    <None Include="resource\shaders\cubemap_shader\default.frag">
      <Filter>Resource Files\shaders\cubemap_shader</Filter>
    </None>
    <None Include="resource\shaders\cubemap_shader\default.vert">
      <Filter>Resource Files\shaders\cubemap_shader</Filter>
    </None>
    <None Include="resource\shaders\camera_effects\blur_pass.vert">
      <Filter>Resource Files\shaders\camera_effects</Filter>
    </None>
    <None Include="resource\shaders\camera_effects\blur_pass.frag">
      <Filter>Resource Files\shaders\camera_effects</Filter>
    </None>
    <None Include="resource\shaders\final_blit_shader\default_final_blit_shader.frag">
      <Filter>Resource Files\shaders\final_blit_shader</Filter>
    </None>
    <None Include="resource\shaders\final_blit_shader\default_final_blit_shader.vert">
      <Filter>Resource Files\shaders\final_blit_shader</Filter>
    </None>
    <None Include="resource\shaders\shadow_shader\shadow_pass.frag">
      <Filter>Resource Files\shaders\shadow_shader</Filter>
    </None>
    <None Include="resource\shaders\shadow_shader\shadow_pass.vert">
      <Filter>Resource Files\shaders\shadow_shader</Filter>
    </None>
    <None Include="resource\shaders\bloom_shader\bloom.frag">
      <Filter>Resource Files\shaders\bloom_shader</Filter>
    </None>
    <None Include="resource\shaders\bloom_shader\bloom.vert">
      <Filter>Resource Files\shaders\bloom_shader</Filter>
    </None>
    <None Include="resource\shaders\bloom_shader\bloom_extract.vert">
      <Filter>Resource Files\shaders\bloom_shader</Filter>
    </None>
    <None Include="resource\shaders\bloom_shader\bloom_extract.frag">
      <Filter>Resource Files\shaders\bloom_shader</Filter>
    </None>
    <None Include="resource\shaders\lighting_shader\lighting_pass.frag">
      <Filter>Resource Files\shaders\lighting_shader</Filter>
    </None>
    <None Include="resource\shaders\lighting_shader\lighting_pass.vert">
      <Filter>Resource Files\shaders\lighting_shader</Filter>
    </None>
    <None Include="resource\shaders\texture_generation\hdr_to_cubemap\equirect.vert">
      <Filter>Resource Files\shaders\texture_generation\hdr_to_cubemap</Filter>
    </None>
    <None Include="resource\shaders\texture_generation\hdr_to_cubemap\equirect.frag">
      <Filter>Resource Files\shaders\texture_generation\hdr_to_cubemap</Filter>
    </None>
    <None Include="resource\shaders\texture_generation\cubemap_convultion\convultion.frag">
      <Filter>Resource Files\shaders\texture_generation\cubemap_convultion</Filter>
    </None>
    <None Include="resource\shaders\texture_generation\cubemap_convultion\convultion.vert">
      <Filter>Resource Files\shaders\texture_generation\cubemap_convultion</Filter>
    </None>
    <None Include="resource\shaders\texture_generation\prefilter_convultion\prefilter.frag">
      <Filter>Resource Files\shaders\texture_generation\prefilter_convultion</Filter>
    </None>
    <None Include="resource\shaders\texture_generation\prefilter_convultion\prefilter.vert">
      <Filter>Resource Files\shaders\texture_generation\prefilter_convultion</Filter>
    </None>
    <None Include="resource\shaders\texture_generation\brdf\brdf.vert">
      <Filter>Resource Files\shaders\texture_generation\brdf</Filter>
    </None>
    <None Include="resource\shaders\texture_generation\brdf\brdf.frag">
      <Filter>Resource Files\shaders\texture_generation\brdf</Filter>
    </None>
    <None Include="resource\shaders\bloom_shader\bloom_downsample.frag">
      <Filter>Resource Files\shaders\bloom_shader</Filter>
    </None>
    <None Include="resource\shaders\bloom_shader\bloom_upsample.frag">
      <Filter>Resource Files\shaders\bloom_shader</Filter>
    </None>
    <None Include="resource\shaders\bloom_shader\render_quad.vert">
      <Filter>Resource Files\shaders\bloom_shader</Filter>
    </None>
    <None Include="resource\shaders\anti_aliasing\FXAA\FXAA.frag">
      <Filter>Resource Files\shaders\anti_aliasing\FXAA</Filter>
    </None>
    <None Include="resource\shaders\anti_aliasing\FXAA\FXAA.vert">
      <Filter>Resource Files\shaders\anti_aliasing\FXAA</Filter>
    </None>
  </ItemGroup>
</Project>